Microsoft Visual Studio Solution File, Format Version 12.00
# Visual Studio Version 17
VisualStudioVersion = 17.5.2.0
MinimumVisualStudioVersion = 10.0.40219.1
Project("{FAE04EC0-301F-11D3-BF4B-00C04F79EFBC}") = "TodoApiNet", "TodoApiNet\TodoApiNet.csproj", "{6C606B2D-DFC2-6E4C-42C1-F86B5C023B58}"
EndProject
Global
	GlobalSection(SolutionConfigurationPlatforms) = preSolution
		Debug|Any CPU = Debug|Any CPU
		Release|Any CPU = Release|Any CPU
	EndGlobalSection
	GlobalSection(ProjectConfigurationPlatforms) = postSolution
		{6C606B2D-DFC2-6E4C-42C1-F86B5C023B58}.Debug|Any CPU.ActiveCfg = Debug|Any CPU
		{6C606B2D-DFC2-6E4C-42C1-F86B5C023B58}.Debug|Any CPU.Build.0 = Debug|Any CPU
		{6C606B2D-DFC2-6E4C-42C1-F86B5C023B58}.Release|Any CPU.ActiveCfg = Release|Any CPU
		{6C606B2D-DFC2-6E4C-42C1-F86B5C023B58}.Release|Any CPU.Build.0 = Release|Any CPU
	EndGlobalSection
	GlobalSection(SolutionProperties) = preSolution
		HideSolutionNode = FALSE
	EndGlobalSection
	GlobalSection(ExtensibilityGlobals) = postSolution
		SolutionGuid = {942D558A-A7B0-4116-BCEB-33D6823309DB}
	EndGlobalSection
EndGlobal
